{
  "name": "agency-landing-page-vue-components",
  "version": "1.0.3",
  "lockfileVersion": 1,
  "requires": true,
  "dependencies": {
    "description-vue-components": {
      "version": "1.0.4",
      "resolved": "https://registry.npmjs.org/description-vue-components/-/description-vue-components-1.0.4.tgz",
      "integrity": "sha512-HdSvyYlMsEaCLBPYiYUsmrWT/Xdgup4sV5pwa0CsJjvqaYlDqSbKhyoCDftrx/i5GJaLBbdjMStcvtFGeRHl9w==",
      "requires": {
        "just-clone": "^3.2.1"
      }
    },
    "helper-vue-components": {
      "version": "1.0.2",
      "resolved": "https://registry.npmjs.org/helper-vue-components/-/helper-vue-components-1.0.2.tgz",
      "integrity": "sha512-7PzSs2hSAGE5/esYQyjrO7TI/REfPrEvG6xQFLFdW181djnpmGh9g5SprSYfKFoNBLbEq6+jw0mZG++wBFwuNQ==",
      "requires": {
        "js-helper-methods": "^1.0.1"
      }
    },
    "js-helper-methods": {
      "version": "1.0.8",
      "resolved": "https://registry.npmjs.org/js-helper-methods/-/js-helper-methods-1.0.8.tgz",
      "integrity": "sha512-Hd+PlSanPwpZOE3y+7+2OGb2xqeWkfyaOf81r58aCxWMSgEVZ93zf96OlcMbz2nnjPbwBxLS0xiTzrYSWuT/JQ=="
    },
    "just-clone": {
      "version": "3.2.1",
      "resolved": "https://registry.npmjs.org/just-clone/-/just-clone-3.2.1.tgz",
      "integrity": "sha512-PFotEVrrzAnwuWTUOFquDShWrHnUnhxNrVs1VFqkNfnoH3Sn5XUlDOePYn2Vv5cN8xV2y69jf8qEoQHm7eoLnw=="
    },
    "text-contents-vue-components": {
      "version": "1.0.7",
      "resolved": "https://registry.npmjs.org/text-contents-vue-components/-/text-contents-vue-components-1.0.7.tgz",
      "integrity": "sha512-wQk6ARy/oNtJJr905o0R+NxOKbnhccp5LGCEtNssPPwRHkozbVXKYgBL5TV3jd23DSqLfn2CSj2JKG0C/jAvmQ==",
      "requires": {
        "just-clone": "^3.2.1"
      }
    }
  }
}
